
Microsoft Visual Studio Solution File, Format Version 12.00
# Visual Studio Version 17
VisualStudioVersion = 17.4.33213.308
MinimumVisualStudioVersion = 10.0.40219.1
Project("{9A19103F-16F7-4668-BE54-9A1E7A4F7556}") = "FileEncryption", "VowelCount\FileEncryption.csproj", "{87A6902A-C7D8-481A-8DC0-9F717BC7342C}"
EndProject
Global
	GlobalSection(SolutionConfigurationPlatforms) = preSolution
		Debug|Any CPU = Debug|Any CPU
		Release|Any CPU = Release|Any CPU
	EndGlobalSection
	GlobalSection(ProjectConfigurationPlatforms) = postSolution
		{87A6902A-C7D8-481A-8DC0-9F717BC7342C}.Debug|Any CPU.ActiveCfg = Debug|Any CPU
		{87A6902A-C7D8-481A-8DC0-9F717BC7342C}.Debug|Any CPU.Build.0 = Debug|Any CPU
		{87A6902A-C7D8-481A-8DC0-9F717BC7342C}.Release|Any CPU.ActiveCfg = Release|Any CPU
		{87A6902A-C7D8-481A-8DC0-9F717BC7342C}.Release|Any CPU.Build.0 = Release|Any CPU
	EndGlobalSection
	GlobalSection(SolutionProperties) = preSolution
		HideSolutionNode = FALSE
	EndGlobalSection
	GlobalSection(ExtensibilityGlobals) = postSolution
		SolutionGuid = {AFEA2C23-BD1C-4F43-BD25-70AED6E8B218}
	EndGlobalSection
EndGlobal
